// !$*UTF8*$!
{
	archiveVersion = 1;
	classes = {
	};
	objectVersion = 51;
	objects = {

/* Begin PBXBuildFile section */
		2A5EBC8E231FC3EE00DCC077 /* NewFriendDB.swift in Sources */ = {isa = PBXBuildFile; fileRef = 2A5EBC8D231FC3EE00DCC077 /* NewFriendDB.swift */; };
		2AA4CDB5232200D600FB20DB /* CellBestFriend.swift in Sources */ = {isa = PBXBuildFile; fileRef = 2AA4CDB4232200D600FB20DB /* CellBestFriend.swift */; };
		2AA4CDB7232200F700FB20DB /* BestFriend.swift in Sources */ = {isa = PBXBuildFile; fileRef = 2AA4CDB6232200F700FB20DB /* BestFriend.swift */; };
		2AF396E62317CE33006472C6 /* SearchBarDanhba.swift in Sources */ = {isa = PBXBuildFile; fileRef = 2AF396E52317CE33006472C6 /* SearchBarDanhba.swift */; };
		2AF396E82317D4E4006472C6 /* CellDanhBa.swift in Sources */ = {isa = PBXBuildFile; fileRef = 2AF396E72317D4E4006472C6 /* CellDanhBa.swift */; };
		2AF396EA2317D5AF006472C6 /* HeadDB.swift in Sources */ = {isa = PBXBuildFile; fileRef = 2AF396E92317D5AF006472C6 /* HeadDB.swift */; };
		2AF4F8D4231F957600A057C0 /* CellNewFriends.swift in Sources */ = {isa = PBXBuildFile; fileRef = 2AF4F8D3231F957600A057C0 /* CellNewFriends.swift */; };
		9CE5D3EE89755E2A06836AE3 /* Pods_ZaloClone.framework in Frameworks */ = {isa = PBXBuildFile; fileRef = 78F229D93E833E0B5CCD0D09 /* Pods_ZaloClone.framework */; };
		E21D60782293CEA800678C4C /* AppDelegate.swift in Sources */ = {isa = PBXBuildFile; fileRef = E21D60772293CEA800678C4C /* AppDelegate.swift */; };
		E21D607F2293CEA900678C4C /* Assets.xcassets in Resources */ = {isa = PBXBuildFile; fileRef = E21D607E2293CEA900678C4C /* Assets.xcassets */; };
		E21D60822293CEA900678C4C /* LaunchScreen.storyboard in Resources */ = {isa = PBXBuildFile; fileRef = E21D60802293CEA900678C4C /* LaunchScreen.storyboard */; };
		E21D608A2293D01D00678C4C /* TinNhanVC.swift in Sources */ = {isa = PBXBuildFile; fileRef = E21D60892293D01D00678C4C /* TinNhanVC.swift */; };
		E21D608C2293D03200678C4C /* DanhBaVC.swift in Sources */ = {isa = PBXBuildFile; fileRef = E21D608B2293D03200678C4C /* DanhBaVC.swift */; };
		E21D608E2293D04A00678C4C /* NhomVC.swift in Sources */ = {isa = PBXBuildFile; fileRef = E21D608D2293D04A00678C4C /* NhomVC.swift */; };
		E21D60902293D05E00678C4C /* NhatKyVC.swift in Sources */ = {isa = PBXBuildFile; fileRef = E21D608F2293D05E00678C4C /* NhatKyVC.swift */; };
		E21D60922293D07200678C4C /* ThemVC.swift in Sources */ = {isa = PBXBuildFile; fileRef = E21D60912293D07200678C4C /* ThemVC.swift */; };
		E21D60942293D62C00678C4C /* SearchBarView.swift in Sources */ = {isa = PBXBuildFile; fileRef = E21D60932293D62C00678C4C /* SearchBarView.swift */; };
		E21D60962293D98E00678C4C /* CellMessage.swift in Sources */ = {isa = PBXBuildFile; fileRef = E21D60952293D98E00678C4C /* CellMessage.swift */; };
		E21D60992293DFE900678C4C /* Message.swift in Sources */ = {isa = PBXBuildFile; fileRef = E21D60982293DFE900678C4C /* Message.swift */; };
/* End PBXBuildFile section */

/* Begin PBXFileReference section */
		2A5EBC8D231FC3EE00DCC077 /* NewFriendDB.swift */ = {isa = PBXFileReference; lastKnownFileType = sourcecode.swift; path = NewFriendDB.swift; sourceTree = "<group>"; };
		2AA4CDB4232200D600FB20DB /* CellBestFriend.swift */ = {isa = PBXFileReference; lastKnownFileType = sourcecode.swift; path = CellBestFriend.swift; sourceTree = "<group>"; };
		2AA4CDB6232200F700FB20DB /* BestFriend.swift */ = {isa = PBXFileReference; lastKnownFileType = sourcecode.swift; path = BestFriend.swift; sourceTree = "<group>"; };
		2AF396E52317CE33006472C6 /* SearchBarDanhba.swift */ = {isa = PBXFileReference; lastKnownFileType = sourcecode.swift; path = SearchBarDanhba.swift; sourceTree = "<group>"; };
		2AF396E72317D4E4006472C6 /* CellDanhBa.swift */ = {isa = PBXFileReference; lastKnownFileType = sourcecode.swift; path = CellDanhBa.swift; sourceTree = "<group>"; };
		2AF396E92317D5AF006472C6 /* HeadDB.swift */ = {isa = PBXFileReference; lastKnownFileType = sourcecode.swift; path = HeadDB.swift; sourceTree = "<group>"; };
		2AF4F8D3231F957600A057C0 /* CellNewFriends.swift */ = {isa = PBXFileReference; lastKnownFileType = sourcecode.swift; path = CellNewFriends.swift; sourceTree = "<group>"; };
		78F229D93E833E0B5CCD0D09 /* Pods_ZaloClone.framework */ = {isa = PBXFileReference; explicitFileType = wrapper.framework; includeInIndex = 0; path = Pods_ZaloClone.framework; sourceTree = BUILT_PRODUCTS_DIR; };
		85E3DD1FA678A7F13849D046 /* Pods-ZaloClone.release.xcconfig */ = {isa = PBXFileReference; includeInIndex = 1; lastKnownFileType = text.xcconfig; name = "Pods-ZaloClone.release.xcconfig"; path = "Target Support Files/Pods-ZaloClone/Pods-ZaloClone.release.xcconfig"; sourceTree = "<group>"; };
		E21D60742293CEA800678C4C /* ZaloClone.app */ = {isa = PBXFileReference; explicitFileType = wrapper.application; includeInIndex = 0; path = ZaloClone.app; sourceTree = BUILT_PRODUCTS_DIR; };
		E21D60772293CEA800678C4C /* AppDelegate.swift */ = {isa = PBXFileReference; lastKnownFileType = sourcecode.swift; path = AppDelegate.swift; sourceTree = "<group>"; };
		E21D607E2293CEA900678C4C /* Assets.xcassets */ = {isa = PBXFileReference; lastKnownFileType = folder.assetcatalog; path = Assets.xcassets; sourceTree = "<group>"; };
		E21D60812293CEA900678C4C /* Base */ = {isa = PBXFileReference; lastKnownFileType = file.storyboard; name = Base; path = Base.lproj/LaunchScreen.storyboard; sourceTree = "<group>"; };
		E21D60832293CEA900678C4C /* Info.plist */ = {isa = PBXFileReference; lastKnownFileType = text.plist.xml; path = Info.plist; sourceTree = "<group>"; };
		E21D60892293D01D00678C4C /* TinNhanVC.swift */ = {isa = PBXFileReference; lastKnownFileType = sourcecode.swift; path = TinNhanVC.swift; sourceTree = "<group>"; };
		E21D608B2293D03200678C4C /* DanhBaVC.swift */ = {isa = PBXFileReference; lastKnownFileType = sourcecode.swift; path = DanhBaVC.swift; sourceTree = "<group>"; };
		E21D608D2293D04A00678C4C /* NhomVC.swift */ = {isa = PBXFileReference; lastKnownFileType = sourcecode.swift; path = NhomVC.swift; sourceTree = "<group>"; };
		E21D608F2293D05E00678C4C /* NhatKyVC.swift */ = {isa = PBXFileReference; lastKnownFileType = sourcecode.swift; path = NhatKyVC.swift; sourceTree = "<group>"; };
		E21D60912293D07200678C4C /* ThemVC.swift */ = {isa = PBXFileReference; lastKnownFileType = sourcecode.swift; path = ThemVC.swift; sourceTree = "<group>"; };
		E21D60932293D62C00678C4C /* SearchBarView.swift */ = {isa = PBXFileReference; lastKnownFileType = sourcecode.swift; path = SearchBarView.swift; sourceTree = "<group>"; };
		E21D60952293D98E00678C4C /* CellMessage.swift */ = {isa = PBXFileReference; lastKnownFileType = sourcecode.swift; path = CellMessage.swift; sourceTree = "<group>"; };
		E21D60982293DFE900678C4C /* Message.swift */ = {isa = PBXFileReference; lastKnownFileType = sourcecode.swift; path = Message.swift; sourceTree = "<group>"; };
		E7E7617CAA5993FA580345EB /* Pods-ZaloClone.debug.xcconfig */ = {isa = PBXFileReference; includeInIndex = 1; lastKnownFileType = text.xcconfig; name = "Pods-ZaloClone.debug.xcconfig"; path = "Target Support Files/Pods-ZaloClone/Pods-ZaloClone.debug.xcconfig"; sourceTree = "<group>"; };
/* End PBXFileReference section */

/* Begin PBXFrameworksBuildPhase section */
		E21D60712293CEA800678C4C /* Frameworks */ = {
			isa = PBXFrameworksBuildPhase;
			buildActionMask = 2147483647;
			files = (
				9CE5D3EE89755E2A06836AE3 /* Pods_ZaloClone.framework in Frameworks */,
			);
			runOnlyForDeploymentPostprocessing = 0;
		};
/* End PBXFrameworksBuildPhase section */

/* Begin PBXGroup section */
		2AF396E42317B87E006472C6 /* DanhBa */ = {
			isa = PBXGroup;
			children = (
				E21D608B2293D03200678C4C /* DanhBaVC.swift */,
				2AF396E52317CE33006472C6 /* SearchBarDanhba.swift */,
				2AF396E72317D4E4006472C6 /* CellDanhBa.swift */,
				2AF396E92317D5AF006472C6 /* HeadDB.swift */,
				2AF4F8D3231F957600A057C0 /* CellNewFriends.swift */,
				2A5EBC8D231FC3EE00DCC077 /* NewFriendDB.swift */,
				2AA4CDB4232200D600FB20DB /* CellBestFriend.swift */,
				2AA4CDB6232200F700FB20DB /* BestFriend.swift */,
			);
			path = DanhBa;
			sourceTree = "<group>";
		};
		596C9EEED47850DA75138EC0 /* Frameworks */ = {
			isa = PBXGroup;
			children = (
				78F229D93E833E0B5CCD0D09 /* Pods_ZaloClone.framework */,
			);
			name = Frameworks;
			sourceTree = "<group>";
		};
		E21D606B2293CEA800678C4C = {
			isa = PBXGroup;
			children = (
				E21D60762293CEA800678C4C /* ZaloClone */,
				E21D60752293CEA800678C4C /* Products */,
				E67066BA84FA56E5E5BC589F /* Pods */,
				596C9EEED47850DA75138EC0 /* Frameworks */,
			);
			sourceTree = "<group>";
		};
		E21D60752293CEA800678C4C /* Products */ = {
			isa = PBXGroup;
			children = (
				E21D60742293CEA800678C4C /* ZaloClone.app */,
			);
			name = Products;
			sourceTree = "<group>";
		};
		E21D60762293CEA800678C4C /* ZaloClone */ = {
			isa = PBXGroup;
			children = (
				E21D60772293CEA800678C4C /* AppDelegate.swift */,
				2AF396E42317B87E006472C6 /* DanhBa */,
				E21D60972293D9A300678C4C /* TinNhan */,
				E21D608D2293D04A00678C4C /* NhomVC.swift */,
				E21D608F2293D05E00678C4C /* NhatKyVC.swift */,
				E21D60912293D07200678C4C /* ThemVC.swift */,
				E21D607E2293CEA900678C4C /* Assets.xcassets */,
				E21D60802293CEA900678C4C /* LaunchScreen.storyboard */,
				E21D60832293CEA900678C4C /* Info.plist */,
			);
			path = ZaloClone;
			sourceTree = "<group>";
		};
		E21D60972293D9A300678C4C /* TinNhan */ = {
			isa = PBXGroup;
			children = (
				E21D60892293D01D00678C4C /* TinNhanVC.swift */,
				E21D60932293D62C00678C4C /* SearchBarView.swift */,
				E21D60952293D98E00678C4C /* CellMessage.swift */,
				E21D60982293DFE900678C4C /* Message.swift */,
			);
			path = TinNhan;
			sourceTree = "<group>";
		};
		E67066BA84FA56E5E5BC589F /* Pods */ = {
			isa = PBXGroup;
			children = (
				E7E7617CAA5993FA580345EB /* Pods-ZaloClone.debug.xcconfig */,
				85E3DD1FA678A7F13849D046 /* Pods-ZaloClone.release.xcconfig */,
			);
			path = Pods;
			sourceTree = "<group>";
		};
/* End PBXGroup section */

/* Begin PBXNativeTarget section */
		E21D60732293CEA800678C4C /* ZaloClone */ = {
			isa = PBXNativeTarget;
			buildConfigurationList = E21D60862293CEA900678C4C /* Build configuration list for PBXNativeTarget "ZaloClone" */;
			buildPhases = (
				169718DF673E16180EF5DBB1 /* [CP] Check Pods Manifest.lock */,
				E21D60702293CEA800678C4C /* Sources */,
				E21D60712293CEA800678C4C /* Frameworks */,
				E21D60722293CEA800678C4C /* Resources */,
				9EC3F66F6C62E6226CF3774F /* [CP] Embed Pods Frameworks */,
			);
			buildRules = (
			);
			dependencies = (
			);
			name = ZaloClone;
			productName = ZaloClone;
			productReference = E21D60742293CEA800678C4C /* ZaloClone.app */;
			productType = "com.apple.product-type.application";
		};
/* End PBXNativeTarget section */

/* Begin PBXProject section */
		E21D606C2293CEA800678C4C /* Project object */ = {
			isa = PBXProject;
			attributes = {
				LastSwiftUpdateCheck = 1010;
				LastUpgradeCheck = 1010;
				ORGANIZATIONNAME = Techmaster;
				TargetAttributes = {
					E21D60732293CEA800678C4C = {
						CreatedOnToolsVersion = 10.1;
					};
				};
			};
			buildConfigurationList = E21D606F2293CEA800678C4C /* Build configuration list for PBXProject "ZaloClone" */;
			compatibilityVersion = "Xcode 9.3";
			developmentRegion = en;
			hasScannedForEncodings = 0;
			knownRegions = (
				en,
				Base,
			);
			mainGroup = E21D606B2293CEA800678C4C;
			productRefGroup = E21D60752293CEA800678C4C /* Products */;
			projectDirPath = "";
			projectRoot = "";
			targets = (
				E21D60732293CEA800678C4C /* ZaloClone */,
			);
		};
/* End PBXProject section */

/* Begin PBXResourcesBuildPhase section */
		E21D60722293CEA800678C4C /* Resources */ = {
			isa = PBXResourcesBuildPhase;
			buildActionMask = 2147483647;
			files = (
				E21D60822293CEA900678C4C /* LaunchScreen.storyboard in Resources */,
				E21D607F2293CEA900678C4C /* Assets.xcassets in Resources */,
			);
			runOnlyForDeploymentPostprocessing = 0;
		};
/* End PBXResourcesBuildPhase section */

/* Begin PBXShellScriptBuildPhase section */
		169718DF673E16180EF5DBB1 /* [CP] Check Pods Manifest.lock */ = {
			isa = PBXShellScriptBuildPhase;
			buildActionMask = 2147483647;
			files = (
			);
			inputFileListPaths = (
			);
			inputPaths = (
				"${PODS_PODFILE_DIR_PATH}/Podfile.lock",
				"${PODS_ROOT}/Manifest.lock",
			);
			name = "[CP] Check Pods Manifest.lock";
			outputFileListPaths = (
			);
			outputPaths = (
				"$(DERIVED_FILE_DIR)/Pods-ZaloClone-checkManifestLockResult.txt",
			);
			runOnlyForDeploymentPostprocessing = 0;
			shellPath = /bin/sh;
			shellScript = "diff \"${PODS_PODFILE_DIR_PATH}/Podfile.lock\" \"${PODS_ROOT}/Manifest.lock\" > /dev/null\nif [ $? != 0 ] ; then\n    # print error to STDERR\n    echo \"error: The sandbox is not in sync with the Podfile.lock. Run 'pod install' or update your CocoaPods installation.\" >&2\n    exit 1\nfi\n# This output is used by Xcode 'outputs' to avoid re-running this script phase.\necho \"SUCCESS\" > \"${SCRIPT_OUTPUT_FILE_0}\"\n";
			showEnvVarsInLog = 0;
		};
		9EC3F66F6C62E6226CF3774F /* [CP] Embed Pods Frameworks */ = {
			isa = PBXShellScriptBuildPhase;
			buildActionMask = 2147483647;
			files = (
			);
			inputFileListPaths = (
				"${PODS_ROOT}/Target Support Files/Pods-ZaloClone/Pods-ZaloClone-frameworks-${CONFIGURATION}-input-files.xcfilelist",
			);
			name = "[CP] Embed Pods Frameworks";
			outputFileListPaths = (
				"${PODS_ROOT}/Target Support Files/Pods-ZaloClone/Pods-ZaloClone-frameworks-${CONFIGURATION}-output-files.xcfilelist",
			);
			runOnlyForDeploymentPostprocessing = 0;
			shellPath = /bin/sh;
			shellScript = "\"${PODS_ROOT}/Target Support Files/Pods-ZaloClone/Pods-ZaloClone-frameworks.sh\"\n";
			showEnvVarsInLog = 0;
		};
/* End PBXShellScriptBuildPhase section */

/* Begin PBXSourcesBuildPhase section */
		E21D60702293CEA800678C4C /* Sources */ = {
			isa = PBXSourcesBuildPhase;
			buildActionMask = 2147483647;
			files = (
				E21D60782293CEA800678C4C /* AppDelegate.swift in Sources */,
				2AA4CDB7232200F700FB20DB /* BestFriend.swift in Sources */,
				E21D60962293D98E00678C4C /* CellMessage.swift in Sources */,
				2A5EBC8E231FC3EE00DCC077 /* NewFriendDB.swift in Sources */,
				E21D608C2293D03200678C4C /* DanhBaVC.swift in Sources */,
				2AF396E62317CE33006472C6 /* SearchBarDanhba.swift in Sources */,
				E21D60992293DFE900678C4C /* Message.swift in Sources */,
				2AF4F8D4231F957600A057C0 /* CellNewFriends.swift in Sources */,
				2AF396E82317D4E4006472C6 /* CellDanhBa.swift in Sources */,
				E21D60922293D07200678C4C /* ThemVC.swift in Sources */,
				2AF396EA2317D5AF006472C6 /* HeadDB.swift in Sources */,
				E21D60942293D62C00678C4C /* SearchBarView.swift in Sources */,
				2AA4CDB5232200D600FB20DB /* CellBestFriend.swift in Sources */,
				E21D608E2293D04A00678C4C /* NhomVC.swift in Sources */,
				E21D608A2293D01D00678C4C /* TinNhanVC.swift in Sources */,
				E21D60902293D05E00678C4C /* NhatKyVC.swift in Sources */,
			);
			runOnlyForDeploymentPostprocessing = 0;
		};
/* End PBXSourcesBuildPhase section */

/* Begin PBXVariantGroup section */
		E21D60802293CEA900678C4C /* LaunchScreen.storyboard */ = {
			isa = PBXVariantGroup;
			children = (
				E21D60812293CEA900678C4C /* Base */,
			);
			name = LaunchScreen.storyboard;
			sourceTree = "<group>";
		};
/* End PBXVariantGroup section */

/* Begin XCBuildConfiguration section */
		E21D60842293CEA900678C4C /* Debug */ = {
			isa = XCBuildConfiguration;
			buildSettings = {
				ALWAYS_SEARCH_USER_PATHS = NO;
				CLANG_ANALYZER_NONNULL = YES;
				CLANG_ANALYZER_NUMBER_OBJECT_CONVERSION = YES_AGGRESSIVE;
				CLANG_CXX_LANGUAGE_STANDARD = "gnu++14";
				CLANG_CXX_LIBRARY = "libc++";
				CLANG_ENABLE_MODULES = YES;
				CLANG_ENABLE_OBJC_ARC = YES;
				CLANG_ENABLE_OBJC_WEAK = YES;
				CLANG_WARN_BLOCK_CAPTURE_AUTORELEASING = YES;
				CLANG_WARN_BOOL_CONVERSION = YES;
				CLANG_WARN_COMMA = YES;
				CLANG_WARN_CONSTANT_CONVERSION = YES;
				CLANG_WARN_DEPRECATED_OBJC_IMPLEMENTATIONS = YES;
				CLANG_WARN_DIRECT_OBJC_ISA_USAGE = YES_ERROR;
				CLANG_WARN_DOCUMENTATION_COMMENTS = YES;
				CLANG_WARN_EMPTY_BODY = YES;
				CLANG_WARN_ENUM_CONVERSION = YES;
				CLANG_WARN_INFINITE_RECURSION = YES;
				CLANG_WARN_INT_CONVERSION = YES;
				CLANG_WARN_NON_LITERAL_NULL_CONVERSION = YES;
				CLANG_WARN_OBJC_IMPLICIT_RETAIN_SELF = YES;
				CLANG_WARN_OBJC_LITERAL_CONVERSION = YES;
				CLANG_WARN_OBJC_ROOT_CLASS = YES_ERROR;
				CLANG_WARN_RANGE_LOOP_ANALYSIS = YES;
				CLANG_WARN_STRICT_PROTOTYPES = YES;
				CLANG_WARN_SUSPICIOUS_MOVE = YES;
				CLANG_WARN_UNGUARDED_AVAILABILITY = YES_AGGRESSIVE;
				CLANG_WARN_UNREACHABLE_CODE = YES;
				CLANG_WARN__DUPLICATE_METHOD_MATCH = YES;
				CODE_SIGN_IDENTITY = "iPhone Developer";
				COPY_PHASE_STRIP = NO;
				DEBUG_INFORMATION_FORMAT = dwarf;
				ENABLE_STRICT_OBJC_MSGSEND = YES;
				ENABLE_TESTABILITY = YES;
				GCC_C_LANGUAGE_STANDARD = gnu11;
				GCC_DYNAMIC_NO_PIC = NO;
				GCC_NO_COMMON_BLOCKS = YES;
				GCC_OPTIMIZATION_LEVEL = 0;
				GCC_PREPROCESSOR_DEFINITIONS = (
					"DEBUG=1",
					"$(inherited)",
				);
				GCC_WARN_64_TO_32_BIT_CONVERSION = YES;
				GCC_WARN_ABOUT_RETURN_TYPE = YES_ERROR;
				GCC_WARN_UNDECLARED_SELECTOR = YES;
				GCC_WARN_UNINITIALIZED_AUTOS = YES_AGGRESSIVE;
				GCC_WARN_UNUSED_FUNCTION = YES;
				GCC_WARN_UNUSED_VARIABLE = YES;
				IPHONEOS_DEPLOYMENT_TARGET = 12.1;
				MTL_ENABLE_DEBUG_INFO = INCLUDE_SOURCE;
				MTL_FAST_MATH = YES;
				ONLY_ACTIVE_ARCH = YES;
				SDKROOT = iphoneos;
				SWIFT_ACTIVE_COMPILATION_CONDITIONS = DEBUG;
				SWIFT_OPTIMIZATION_LEVEL = "-Onone";
			};
			name = Debug;
		};
		E21D60852293CEA900678C4C /* Release */ = {
			isa = XCBuildConfiguration;
			buildSettings = {
				ALWAYS_SEARCH_USER_PATHS = NO;
				CLANG_ANALYZER_NONNULL = YES;
				CLANG_ANALYZER_NUMBER_OBJECT_CONVERSION = YES_AGGRESSIVE;
				CLANG_CXX_LANGUAGE_STANDARD = "gnu++14";
				CLANG_CXX_LIBRARY = "libc++";
				CLANG_ENABLE_MODULES = YES;
				CLANG_ENABLE_OBJC_ARC = YES;
				CLANG_ENABLE_OBJC_WEAK = YES;
				CLANG_WARN_BLOCK_CAPTURE_AUTORELEASING = YES;
				CLANG_WARN_BOOL_CONVERSION = YES;
				CLANG_WARN_COMMA = YES;
				CLANG_WARN_CONSTANT_CONVERSION = YES;
				CLANG_WARN_DEPRECATED_OBJC_IMPLEMENTATIONS = YES;
				CLANG_WARN_DIRECT_OBJC_ISA_USAGE = YES_ERROR;
				CLANG_WARN_DOCUMENTATION_COMMENTS = YES;
				CLANG_WARN_EMPTY_BODY = YES;
				CLANG_WARN_ENUM_CONVERSION = YES;
				CLANG_WARN_INFINITE_RECURSION = YES;
				CLANG_WARN_INT_CONVERSION = YES;
				CLANG_WARN_NON_LITERAL_NULL_CONVERSION = YES;
				CLANG_WARN_OBJC_IMPLICIT_RETAIN_SELF = YES;
				CLANG_WARN_OBJC_LITERAL_CONVERSION = YES;
				CLANG_WARN_OBJC_ROOT_CLASS = YES_ERROR;
				CLANG_WARN_RANGE_LOOP_ANALYSIS = YES;
				CLANG_WARN_STRICT_PROTOTYPES = YES;
				CLANG_WARN_SUSPICIOUS_MOVE = YES;
				CLANG_WARN_UNGUARDED_AVAILABILITY = YES_AGGRESSIVE;
				CLANG_WARN_UNREACHABLE_CODE = YES;
				CLANG_WARN__DUPLICATE_METHOD_MATCH = YES;
				CODE_SIGN_IDENTITY = "iPhone Developer";
				COPY_PHASE_STRIP = NO;
				DEBUG_INFORMATION_FORMAT = "dwarf-with-dsym";
				ENABLE_NS_ASSERTIONS = NO;
				ENABLE_STRICT_OBJC_MSGSEND = YES;
				GCC_C_LANGUAGE_STANDARD = gnu11;
				GCC_NO_COMMON_BLOCKS = YES;
				GCC_WARN_64_TO_32_BIT_CONVERSION = YES;
				GCC_WARN_ABOUT_RETURN_TYPE = YES_ERROR;
				GCC_WARN_UNDECLARED_SELECTOR = YES;
				GCC_WARN_UNINITIALIZED_AUTOS = YES_AGGRESSIVE;
				GCC_WARN_UNUSED_FUNCTION = YES;
				GCC_WARN_UNUSED_VARIABLE = YES;
				IPHONEOS_DEPLOYMENT_TARGET = 12.1;
				MTL_ENABLE_DEBUG_INFO = NO;
				MTL_FAST_MATH = YES;
				SDKROOT = iphoneos;
				SWIFT_COMPILATION_MODE = wholemodule;
				SWIFT_OPTIMIZATION_LEVEL = "-O";
				VALIDATE_PRODUCT = YES;
			};
			name = Release;
		};
		E21D60872293CEA900678C4C /* Debug */ = {
			isa = XCBuildConfiguration;
			baseConfigurationReference = E7E7617CAA5993FA580345EB /* Pods-ZaloClone.debug.xcconfig */;
			buildSettings = {
				ASSETCATALOG_COMPILER_APPICON_NAME = AppIcon;
				CODE_SIGN_STYLE = Automatic;
				DEVELOPMENT_TEAM = H55CSPE9T9;
				INFOPLIST_FILE = ZaloClone/Info.plist;
				LD_RUNPATH_SEARCH_PATHS = (
					"$(inherited)",
					"@executable_path/Frameworks",
				);
				PRODUCT_BUNDLE_IDENTIFIER = vn.techmaster.ZaloClone;
				PRODUCT_NAME = "$(TARGET_NAME)";
				SWIFT_VERSION = 4.2;
				TARGETED_DEVICE_FAMILY = "1,2";
			};
			name = Debug;
		};
		E21D60882293CEA900678C4C /* Release */ = {
			isa = XCBuildConfiguration;
			baseConfigurationReference = 85E3DD1FA678A7F13849D046 /* Pods-ZaloClone.release.xcconfig */;
			buildSettings = {
				ASSETCATALOG_COMPILER_APPICON_NAME = AppIcon;
				CODE_SIGN_STYLE = Automatic;
				DEVELOPMENT_TEAM = H55CSPE9T9;
				INFOPLIST_FILE = ZaloClone/Info.plist;
				LD_RUNPATH_SEARCH_PATHS = (
					"$(inherited)",
					"@executable_path/Frameworks",
				);
				PRODUCT_BUNDLE_IDENTIFIER = vn.techmaster.ZaloClone;
				PRODUCT_NAME = "$(TARGET_NAME)";
				SWIFT_VERSION = 4.2;
				TARGETED_DEVICE_FAMILY = "1,2";
			};
			name = Release;
		};
/* End XCBuildConfiguration section */

/* Begin XCConfigurationList section */
		E21D606F2293CEA800678C4C /* Build configuration list for PBXProject "ZaloClone" */ = {
			isa = XCConfigurationList;
			buildConfigurations = (
				E21D60842293CEA900678C4C /* Debug */,
				E21D60852293CEA900678C4C /* Release */,
			);
			defaultConfigurationIsVisible = 0;
			defaultConfigurationName = Release;
		};
		E21D60862293CEA900678C4C /* Build configuration list for PBXNativeTarget "ZaloClone" */ = {
			isa = XCConfigurationList;
			buildConfigurations = (
				E21D60872293CEA900678C4C /* Debug */,
				E21D60882293CEA900678C4C /* Release */,
			);
			defaultConfigurationIsVisible = 0;
			defaultConfigurationName = Release;
		};
/* End XCConfigurationList section */
	};
	rootObject = E21D606C2293CEA800678C4C /* Project object */;
}
