// !$*UTF8*$!
{
	archiveVersion = 1;
	classes = {
	};
	objectVersion = 50;
	objects = {

/* Begin PBXBuildFile section */
		18AC2B0022A8F91F001777D0 /* AppDelegate.swift in Sources */ = {isa = PBXBuildFile; fileRef = 18AC2AFF22A8F91F001777D0 /* AppDelegate.swift */; };
		18AC2B0222A8F91F001777D0 /* ViewController.swift in Sources */ = {isa = PBXBuildFile; fileRef = 18AC2B0122A8F91F001777D0 /* ViewController.swift */; };
		18AC2B0522A8F91F001777D0 /* Main.storyboard in Resources */ = {isa = PBXBuildFile; fileRef = 18AC2B0322A8F91F001777D0 /* Main.storyboard */; };
		18AC2B0722A8F921001777D0 /* Assets.xcassets in Resources */ = {isa = PBXBuildFile; fileRef = 18AC2B0622A8F921001777D0 /* Assets.xcassets */; };
		18AC2B0A22A8F921001777D0 /* LaunchScreen.storyboard in Resources */ = {isa = PBXBuildFile; fileRef = 18AC2B0822A8F921001777D0 /* LaunchScreen.storyboard */; };
		18AC2B1522A8F922001777D0 /* InputIntPrintTotalTests.swift in Sources */ = {isa = PBXBuildFile; fileRef = 18AC2B1422A8F922001777D0 /* InputIntPrintTotalTests.swift */; };
		18AC2B2022A8F922001777D0 /* InputIntPrintTotalUITests.swift in Sources */ = {isa = PBXBuildFile; fileRef = 18AC2B1F22A8F922001777D0 /* InputIntPrintTotalUITests.swift */; };
/* End PBXBuildFile section */

/* Begin PBXContainerItemProxy section */
		18AC2B1122A8F922001777D0 /* PBXContainerItemProxy */ = {
			isa = PBXContainerItemProxy;
			containerPortal = 18AC2AF422A8F91F001777D0 /* Project object */;
			proxyType = 1;
			remoteGlobalIDString = 18AC2AFB22A8F91F001777D0;
			remoteInfo = InputIntPrintTotal;
		};
		18AC2B1C22A8F922001777D0 /* PBXContainerItemProxy */ = {
			isa = PBXContainerItemProxy;
			containerPortal = 18AC2AF422A8F91F001777D0 /* Project object */;
			proxyType = 1;
			remoteGlobalIDString = 18AC2AFB22A8F91F001777D0;
			remoteInfo = InputIntPrintTotal;
		};
/* End PBXContainerItemProxy section */

/* Begin PBXFileReference section */
		18AC2AFC22A8F91F001777D0 /* InputIntPrintTotal.app */ = {isa = PBXFileReference; explicitFileType = wrapper.application; includeInIndex = 0; path = InputIntPrintTotal.app; sourceTree = BUILT_PRODUCTS_DIR; };
		18AC2AFF22A8F91F001777D0 /* AppDelegate.swift */ = {isa = PBXFileReference; lastKnownFileType = sourcecode.swift; path = AppDelegate.swift; sourceTree = "<group>"; };
		18AC2B0122A8F91F001777D0 /* ViewController.swift */ = {isa = PBXFileReference; lastKnownFileType = sourcecode.swift; path = ViewController.swift; sourceTree = "<group>"; };
		18AC2B0422A8F91F001777D0 /* Base */ = {isa = PBXFileReference; lastKnownFileType = file.storyboard; name = Base; path = Base.lproj/Main.storyboard; sourceTree = "<group>"; };
		18AC2B0622A8F921001777D0 /* Assets.xcassets */ = {isa = PBXFileReference; lastKnownFileType = folder.assetcatalog; path = Assets.xcassets; sourceTree = "<group>"; };
		18AC2B0922A8F921001777D0 /* Base */ = {isa = PBXFileReference; lastKnownFileType = file.storyboard; name = Base; path = Base.lproj/LaunchScreen.storyboard; sourceTree = "<group>"; };
		18AC2B0B22A8F921001777D0 /* Info.plist */ = {isa = PBXFileReference; lastKnownFileType = text.plist.xml; path = Info.plist; sourceTree = "<group>"; };
		18AC2B1022A8F922001777D0 /* InputIntPrintTotalTests.xctest */ = {isa = PBXFileReference; explicitFileType = wrapper.cfbundle; includeInIndex = 0; path = InputIntPrintTotalTests.xctest; sourceTree = BUILT_PRODUCTS_DIR; };
		18AC2B1422A8F922001777D0 /* InputIntPrintTotalTests.swift */ = {isa = PBXFileReference; lastKnownFileType = sourcecode.swift; path = InputIntPrintTotalTests.swift; sourceTree = "<group>"; };
		18AC2B1622A8F922001777D0 /* Info.plist */ = {isa = PBXFileReference; lastKnownFileType = text.plist.xml; path = Info.plist; sourceTree = "<group>"; };
		18AC2B1B22A8F922001777D0 /* InputIntPrintTotalUITests.xctest */ = {isa = PBXFileReference; explicitFileType = wrapper.cfbundle; includeInIndex = 0; path = InputIntPrintTotalUITests.xctest; sourceTree = BUILT_PRODUCTS_DIR; };
		18AC2B1F22A8F922001777D0 /* InputIntPrintTotalUITests.swift */ = {isa = PBXFileReference; lastKnownFileType = sourcecode.swift; path = InputIntPrintTotalUITests.swift; sourceTree = "<group>"; };
		18AC2B2122A8F922001777D0 /* Info.plist */ = {isa = PBXFileReference; lastKnownFileType = text.plist.xml; path = Info.plist; sourceTree = "<group>"; };
/* End PBXFileReference section */

/* Begin PBXFrameworksBuildPhase section */
		18AC2AF922A8F91F001777D0 /* Frameworks */ = {
			isa = PBXFrameworksBuildPhase;
			buildActionMask = 2147483647;
			files = (
			);
			runOnlyForDeploymentPostprocessing = 0;
		};
		18AC2B0D22A8F922001777D0 /* Frameworks */ = {
			isa = PBXFrameworksBuildPhase;
			buildActionMask = 2147483647;
			files = (
			);
			runOnlyForDeploymentPostprocessing = 0;
		};
		18AC2B1822A8F922001777D0 /* Frameworks */ = {
			isa = PBXFrameworksBuildPhase;
			buildActionMask = 2147483647;
			files = (
			);
			runOnlyForDeploymentPostprocessing = 0;
		};
/* End PBXFrameworksBuildPhase section */

/* Begin PBXGroup section */
		18AC2AF322A8F91F001777D0 = {
			isa = PBXGroup;
			children = (
				18AC2AFE22A8F91F001777D0 /* InputIntPrintTotal */,
				18AC2B1322A8F922001777D0 /* InputIntPrintTotalTests */,
				18AC2B1E22A8F922001777D0 /* InputIntPrintTotalUITests */,
				18AC2AFD22A8F91F001777D0 /* Products */,
			);
			sourceTree = "<group>";
		};
		18AC2AFD22A8F91F001777D0 /* Products */ = {
			isa = PBXGroup;
			children = (
				18AC2AFC22A8F91F001777D0 /* InputIntPrintTotal.app */,
				18AC2B1022A8F922001777D0 /* InputIntPrintTotalTests.xctest */,
				18AC2B1B22A8F922001777D0 /* InputIntPrintTotalUITests.xctest */,
			);
			name = Products;
			sourceTree = "<group>";
		};
		18AC2AFE22A8F91F001777D0 /* InputIntPrintTotal */ = {
			isa = PBXGroup;
			children = (
				18AC2AFF22A8F91F001777D0 /* AppDelegate.swift */,
				18AC2B0122A8F91F001777D0 /* ViewController.swift */,
				18AC2B0322A8F91F001777D0 /* Main.storyboard */,
				18AC2B0622A8F921001777D0 /* Assets.xcassets */,
				18AC2B0822A8F921001777D0 /* LaunchScreen.storyboard */,
				18AC2B0B22A8F921001777D0 /* Info.plist */,
			);
			path = InputIntPrintTotal;
			sourceTree = "<group>";
		};
		18AC2B1322A8F922001777D0 /* InputIntPrintTotalTests */ = {
			isa = PBXGroup;
			children = (
				18AC2B1422A8F922001777D0 /* InputIntPrintTotalTests.swift */,
				18AC2B1622A8F922001777D0 /* Info.plist */,
			);
			path = InputIntPrintTotalTests;
			sourceTree = "<group>";
		};
		18AC2B1E22A8F922001777D0 /* InputIntPrintTotalUITests */ = {
			isa = PBXGroup;
			children = (
				18AC2B1F22A8F922001777D0 /* InputIntPrintTotalUITests.swift */,
				18AC2B2122A8F922001777D0 /* Info.plist */,
			);
			path = InputIntPrintTotalUITests;
			sourceTree = "<group>";
		};
/* End PBXGroup section */

/* Begin PBXNativeTarget section */
		18AC2AFB22A8F91F001777D0 /* InputIntPrintTotal */ = {
			isa = PBXNativeTarget;
			buildConfigurationList = 18AC2B2422A8F922001777D0 /* Build configuration list for PBXNativeTarget "InputIntPrintTotal" */;
			buildPhases = (
				18AC2AF822A8F91F001777D0 /* Sources */,
				18AC2AF922A8F91F001777D0 /* Frameworks */,
				18AC2AFA22A8F91F001777D0 /* Resources */,
			);
			buildRules = (
			);
			dependencies = (
			);
			name = InputIntPrintTotal;
			productName = InputIntPrintTotal;
			productReference = 18AC2AFC22A8F91F001777D0 /* InputIntPrintTotal.app */;
			productType = "com.apple.product-type.application";
		};
		18AC2B0F22A8F922001777D0 /* InputIntPrintTotalTests */ = {
			isa = PBXNativeTarget;
			buildConfigurationList = 18AC2B2722A8F922001777D0 /* Build configuration list for PBXNativeTarget "InputIntPrintTotalTests" */;
			buildPhases = (
				18AC2B0C22A8F922001777D0 /* Sources */,
				18AC2B0D22A8F922001777D0 /* Frameworks */,
				18AC2B0E22A8F922001777D0 /* Resources */,
			);
			buildRules = (
			);
			dependencies = (
				18AC2B1222A8F922001777D0 /* PBXTargetDependency */,
			);
			name = InputIntPrintTotalTests;
			productName = InputIntPrintTotalTests;
			productReference = 18AC2B1022A8F922001777D0 /* InputIntPrintTotalTests.xctest */;
			productType = "com.apple.product-type.bundle.unit-test";
		};
		18AC2B1A22A8F922001777D0 /* InputIntPrintTotalUITests */ = {
			isa = PBXNativeTarget;
			buildConfigurationList = 18AC2B2A22A8F922001777D0 /* Build configuration list for PBXNativeTarget "InputIntPrintTotalUITests" */;
			buildPhases = (
				18AC2B1722A8F922001777D0 /* Sources */,
				18AC2B1822A8F922001777D0 /* Frameworks */,
				18AC2B1922A8F922001777D0 /* Resources */,
			);
			buildRules = (
			);
			dependencies = (
				18AC2B1D22A8F922001777D0 /* PBXTargetDependency */,
			);
			name = InputIntPrintTotalUITests;
			productName = InputIntPrintTotalUITests;
			productReference = 18AC2B1B22A8F922001777D0 /* InputIntPrintTotalUITests.xctest */;
			productType = "com.apple.product-type.bundle.ui-testing";
		};
/* End PBXNativeTarget section */

/* Begin PBXProject section */
		18AC2AF422A8F91F001777D0 /* Project object */ = {
			isa = PBXProject;
			attributes = {
				LastSwiftUpdateCheck = 1020;
				LastUpgradeCheck = 1020;
				ORGANIZATIONNAME = apple;
				TargetAttributes = {
					18AC2AFB22A8F91F001777D0 = {
						CreatedOnToolsVersion = 10.2.1;
					};
					18AC2B0F22A8F922001777D0 = {
						CreatedOnToolsVersion = 10.2.1;
						TestTargetID = 18AC2AFB22A8F91F001777D0;
					};
					18AC2B1A22A8F922001777D0 = {
						CreatedOnToolsVersion = 10.2.1;
						TestTargetID = 18AC2AFB22A8F91F001777D0;
					};
				};
			};
			buildConfigurationList = 18AC2AF722A8F91F001777D0 /* Build configuration list for PBXProject "InputIntPrintTotal" */;
			compatibilityVersion = "Xcode 9.3";
			developmentRegion = en;
			hasScannedForEncodings = 0;
			knownRegions = (
				en,
				Base,
			);
			mainGroup = 18AC2AF322A8F91F001777D0;
			productRefGroup = 18AC2AFD22A8F91F001777D0 /* Products */;
			projectDirPath = "";
			projectRoot = "";
			targets = (
				18AC2AFB22A8F91F001777D0 /* InputIntPrintTotal */,
				18AC2B0F22A8F922001777D0 /* InputIntPrintTotalTests */,
				18AC2B1A22A8F922001777D0 /* InputIntPrintTotalUITests */,
			);
		};
/* End PBXProject section */

/* Begin PBXResourcesBuildPhase section */
		18AC2AFA22A8F91F001777D0 /* Resources */ = {
			isa = PBXResourcesBuildPhase;
			buildActionMask = 2147483647;
			files = (
				18AC2B0A22A8F921001777D0 /* LaunchScreen.storyboard in Resources */,
				18AC2B0722A8F921001777D0 /* Assets.xcassets in Resources */,
				18AC2B0522A8F91F001777D0 /* Main.storyboard in Resources */,
			);
			runOnlyForDeploymentPostprocessing = 0;
		};
		18AC2B0E22A8F922001777D0 /* Resources */ = {
			isa = PBXResourcesBuildPhase;
			buildActionMask = 2147483647;
			files = (
			);
			runOnlyForDeploymentPostprocessing = 0;
		};
		18AC2B1922A8F922001777D0 /* Resources */ = {
			isa = PBXResourcesBuildPhase;
			buildActionMask = 2147483647;
			files = (
			);
			runOnlyForDeploymentPostprocessing = 0;
		};
/* End PBXResourcesBuildPhase section */

/* Begin PBXSourcesBuildPhase section */
		18AC2AF822A8F91F001777D0 /* Sources */ = {
			isa = PBXSourcesBuildPhase;
			buildActionMask = 2147483647;
			files = (
				18AC2B0222A8F91F001777D0 /* ViewController.swift in Sources */,
				18AC2B0022A8F91F001777D0 /* AppDelegate.swift in Sources */,
			);
			runOnlyForDeploymentPostprocessing = 0;
		};
		18AC2B0C22A8F922001777D0 /* Sources */ = {
			isa = PBXSourcesBuildPhase;
			buildActionMask = 2147483647;
			files = (
				18AC2B1522A8F922001777D0 /* InputIntPrintTotalTests.swift in Sources */,
			);
			runOnlyForDeploymentPostprocessing = 0;
		};
		18AC2B1722A8F922001777D0 /* Sources */ = {
			isa = PBXSourcesBuildPhase;
			buildActionMask = 2147483647;
			files = (
				18AC2B2022A8F922001777D0 /* InputIntPrintTotalUITests.swift in Sources */,
			);
			runOnlyForDeploymentPostprocessing = 0;
		};
/* End PBXSourcesBuildPhase section */

/* Begin PBXTargetDependency section */
		18AC2B1222A8F922001777D0 /* PBXTargetDependency */ = {
			isa = PBXTargetDependency;
			target = 18AC2AFB22A8F91F001777D0 /* InputIntPrintTotal */;
			targetProxy = 18AC2B1122A8F922001777D0 /* PBXContainerItemProxy */;
		};
		18AC2B1D22A8F922001777D0 /* PBXTargetDependency */ = {
			isa = PBXTargetDependency;
			target = 18AC2AFB22A8F91F001777D0 /* InputIntPrintTotal */;
			targetProxy = 18AC2B1C22A8F922001777D0 /* PBXContainerItemProxy */;
		};
/* End PBXTargetDependency section */

/* Begin PBXVariantGroup section */
		18AC2B0322A8F91F001777D0 /* Main.storyboard */ = {
			isa = PBXVariantGroup;
			children = (
				18AC2B0422A8F91F001777D0 /* Base */,
			);
			name = Main.storyboard;
			sourceTree = "<group>";
		};
		18AC2B0822A8F921001777D0 /* LaunchScreen.storyboard */ = {
			isa = PBXVariantGroup;
			children = (
				18AC2B0922A8F921001777D0 /* Base */,
			);
			name = LaunchScreen.storyboard;
			sourceTree = "<group>";
		};
/* End PBXVariantGroup section */

/* Begin XCBuildConfiguration section */
		18AC2B2222A8F922001777D0 /* Debug */ = {
			isa = XCBuildConfiguration;
			buildSettings = {
				ALWAYS_SEARCH_USER_PATHS = NO;
				CLANG_ANALYZER_NONNULL = YES;
				CLANG_ANALYZER_NUMBER_OBJECT_CONVERSION = YES_AGGRESSIVE;
				CLANG_CXX_LANGUAGE_STANDARD = "gnu++14";
				CLANG_CXX_LIBRARY = "libc++";
				CLANG_ENABLE_MODULES = YES;
				CLANG_ENABLE_OBJC_ARC = YES;
				CLANG_ENABLE_OBJC_WEAK = YES;
				CLANG_WARN_BLOCK_CAPTURE_AUTORELEASING = YES;
				CLANG_WARN_BOOL_CONVERSION = YES;
				CLANG_WARN_COMMA = YES;
				CLANG_WARN_CONSTANT_CONVERSION = YES;
				CLANG_WARN_DEPRECATED_OBJC_IMPLEMENTATIONS = YES;
				CLANG_WARN_DIRECT_OBJC_ISA_USAGE = YES_ERROR;
				CLANG_WARN_DOCUMENTATION_COMMENTS = YES;
				CLANG_WARN_EMPTY_BODY = YES;
				CLANG_WARN_ENUM_CONVERSION = YES;
				CLANG_WARN_INFINITE_RECURSION = YES;
				CLANG_WARN_INT_CONVERSION = YES;
				CLANG_WARN_NON_LITERAL_NULL_CONVERSION = YES;
				CLANG_WARN_OBJC_IMPLICIT_RETAIN_SELF = YES;
				CLANG_WARN_OBJC_LITERAL_CONVERSION = YES;
				CLANG_WARN_OBJC_ROOT_CLASS = YES_ERROR;
				CLANG_WARN_RANGE_LOOP_ANALYSIS = YES;
				CLANG_WARN_STRICT_PROTOTYPES = YES;
				CLANG_WARN_SUSPICIOUS_MOVE = YES;
				CLANG_WARN_UNGUARDED_AVAILABILITY = YES_AGGRESSIVE;
				CLANG_WARN_UNREACHABLE_CODE = YES;
				CLANG_WARN__DUPLICATE_METHOD_MATCH = YES;
				CODE_SIGN_IDENTITY = "iPhone Developer";
				COPY_PHASE_STRIP = NO;
				DEBUG_INFORMATION_FORMAT = dwarf;
				ENABLE_STRICT_OBJC_MSGSEND = YES;
				ENABLE_TESTABILITY = YES;
				GCC_C_LANGUAGE_STANDARD = gnu11;
				GCC_DYNAMIC_NO_PIC = NO;
				GCC_NO_COMMON_BLOCKS = YES;
				GCC_OPTIMIZATION_LEVEL = 0;
				GCC_PREPROCESSOR_DEFINITIONS = (
					"DEBUG=1",
					"$(inherited)",
				);
				GCC_WARN_64_TO_32_BIT_CONVERSION = YES;
				GCC_WARN_ABOUT_RETURN_TYPE = YES_ERROR;
				GCC_WARN_UNDECLARED_SELECTOR = YES;
				GCC_WARN_UNINITIALIZED_AUTOS = YES_AGGRESSIVE;
				GCC_WARN_UNUSED_FUNCTION = YES;
				GCC_WARN_UNUSED_VARIABLE = YES;
				IPHONEOS_DEPLOYMENT_TARGET = 12.2;
				MTL_ENABLE_DEBUG_INFO = INCLUDE_SOURCE;
				MTL_FAST_MATH = YES;
				ONLY_ACTIVE_ARCH = YES;
				SDKROOT = iphoneos;
				SWIFT_ACTIVE_COMPILATION_CONDITIONS = DEBUG;
				SWIFT_OPTIMIZATION_LEVEL = "-Onone";
			};
			name = Debug;
		};
		18AC2B2322A8F922001777D0 /* Release */ = {
			isa = XCBuildConfiguration;
			buildSettings = {
				ALWAYS_SEARCH_USER_PATHS = NO;
				CLANG_ANALYZER_NONNULL = YES;
				CLANG_ANALYZER_NUMBER_OBJECT_CONVERSION = YES_AGGRESSIVE;
				CLANG_CXX_LANGUAGE_STANDARD = "gnu++14";
				CLANG_CXX_LIBRARY = "libc++";
				CLANG_ENABLE_MODULES = YES;
				CLANG_ENABLE_OBJC_ARC = YES;
				CLANG_ENABLE_OBJC_WEAK = YES;
				CLANG_WARN_BLOCK_CAPTURE_AUTORELEASING = YES;
				CLANG_WARN_BOOL_CONVERSION = YES;
				CLANG_WARN_COMMA = YES;
				CLANG_WARN_CONSTANT_CONVERSION = YES;
				CLANG_WARN_DEPRECATED_OBJC_IMPLEMENTATIONS = YES;
				CLANG_WARN_DIRECT_OBJC_ISA_USAGE = YES_ERROR;
				CLANG_WARN_DOCUMENTATION_COMMENTS = YES;
				CLANG_WARN_EMPTY_BODY = YES;
				CLANG_WARN_ENUM_CONVERSION = YES;
				CLANG_WARN_INFINITE_RECURSION = YES;
				CLANG_WARN_INT_CONVERSION = YES;
				CLANG_WARN_NON_LITERAL_NULL_CONVERSION = YES;
				CLANG_WARN_OBJC_IMPLICIT_RETAIN_SELF = YES;
				CLANG_WARN_OBJC_LITERAL_CONVERSION = YES;
				CLANG_WARN_OBJC_ROOT_CLASS = YES_ERROR;
				CLANG_WARN_RANGE_LOOP_ANALYSIS = YES;
				CLANG_WARN_STRICT_PROTOTYPES = YES;
				CLANG_WARN_SUSPICIOUS_MOVE = YES;
				CLANG_WARN_UNGUARDED_AVAILABILITY = YES_AGGRESSIVE;
				CLANG_WARN_UNREACHABLE_CODE = YES;
				CLANG_WARN__DUPLICATE_METHOD_MATCH = YES;
				CODE_SIGN_IDENTITY = "iPhone Developer";
				COPY_PHASE_STRIP = NO;
				DEBUG_INFORMATION_FORMAT = "dwarf-with-dsym";
				ENABLE_NS_ASSERTIONS = NO;
				ENABLE_STRICT_OBJC_MSGSEND = YES;
				GCC_C_LANGUAGE_STANDARD = gnu11;
				GCC_NO_COMMON_BLOCKS = YES;
				GCC_WARN_64_TO_32_BIT_CONVERSION = YES;
				GCC_WARN_ABOUT_RETURN_TYPE = YES_ERROR;
				GCC_WARN_UNDECLARED_SELECTOR = YES;
				GCC_WARN_UNINITIALIZED_AUTOS = YES_AGGRESSIVE;
				GCC_WARN_UNUSED_FUNCTION = YES;
				GCC_WARN_UNUSED_VARIABLE = YES;
				IPHONEOS_DEPLOYMENT_TARGET = 12.2;
				MTL_ENABLE_DEBUG_INFO = NO;
				MTL_FAST_MATH = YES;
				SDKROOT = iphoneos;
				SWIFT_COMPILATION_MODE = wholemodule;
				SWIFT_OPTIMIZATION_LEVEL = "-O";
				VALIDATE_PRODUCT = YES;
			};
			name = Release;
		};
		18AC2B2522A8F922001777D0 /* Debug */ = {
			isa = XCBuildConfiguration;
			buildSettings = {
				ASSETCATALOG_COMPILER_APPICON_NAME = AppIcon;
				CODE_SIGN_STYLE = Automatic;
				INFOPLIST_FILE = InputIntPrintTotal/Info.plist;
				LD_RUNPATH_SEARCH_PATHS = (
					"$(inherited)",
					"@executable_path/Frameworks",
				);
				PRODUCT_BUNDLE_IDENTIFIER = abc.xyz.InputIntPrintTotal;
				PRODUCT_NAME = "$(TARGET_NAME)";
				SWIFT_VERSION = 5.0;
				TARGETED_DEVICE_FAMILY = "1,2";
			};
			name = Debug;
		};
		18AC2B2622A8F922001777D0 /* Release */ = {
			isa = XCBuildConfiguration;
			buildSettings = {
				ASSETCATALOG_COMPILER_APPICON_NAME = AppIcon;
				CODE_SIGN_STYLE = Automatic;
				INFOPLIST_FILE = InputIntPrintTotal/Info.plist;
				LD_RUNPATH_SEARCH_PATHS = (
					"$(inherited)",
					"@executable_path/Frameworks",
				);
				PRODUCT_BUNDLE_IDENTIFIER = abc.xyz.InputIntPrintTotal;
				PRODUCT_NAME = "$(TARGET_NAME)";
				SWIFT_VERSION = 5.0;
				TARGETED_DEVICE_FAMILY = "1,2";
			};
			name = Release;
		};
		18AC2B2822A8F922001777D0 /* Debug */ = {
			isa = XCBuildConfiguration;
			buildSettings = {
				ALWAYS_EMBED_SWIFT_STANDARD_LIBRARIES = YES;
				BUNDLE_LOADER = "$(TEST_HOST)";
				CODE_SIGN_STYLE = Automatic;
				INFOPLIST_FILE = InputIntPrintTotalTests/Info.plist;
				LD_RUNPATH_SEARCH_PATHS = (
					"$(inherited)",
					"@executable_path/Frameworks",
					"@loader_path/Frameworks",
				);
				PRODUCT_BUNDLE_IDENTIFIER = abc.xyz.InputIntPrintTotalTests;
				PRODUCT_NAME = "$(TARGET_NAME)";
				SWIFT_VERSION = 5.0;
				TARGETED_DEVICE_FAMILY = "1,2";
				TEST_HOST = "$(BUILT_PRODUCTS_DIR)/InputIntPrintTotal.app/InputIntPrintTotal";
			};
			name = Debug;
		};
		18AC2B2922A8F922001777D0 /* Release */ = {
			isa = XCBuildConfiguration;
			buildSettings = {
				ALWAYS_EMBED_SWIFT_STANDARD_LIBRARIES = YES;
				BUNDLE_LOADER = "$(TEST_HOST)";
				CODE_SIGN_STYLE = Automatic;
				INFOPLIST_FILE = InputIntPrintTotalTests/Info.plist;
				LD_RUNPATH_SEARCH_PATHS = (
					"$(inherited)",
					"@executable_path/Frameworks",
					"@loader_path/Frameworks",
				);
				PRODUCT_BUNDLE_IDENTIFIER = abc.xyz.InputIntPrintTotalTests;
				PRODUCT_NAME = "$(TARGET_NAME)";
				SWIFT_VERSION = 5.0;
				TARGETED_DEVICE_FAMILY = "1,2";
				TEST_HOST = "$(BUILT_PRODUCTS_DIR)/InputIntPrintTotal.app/InputIntPrintTotal";
			};
			name = Release;
		};
		18AC2B2B22A8F922001777D0 /* Debug */ = {
			isa = XCBuildConfiguration;
			buildSettings = {
				ALWAYS_EMBED_SWIFT_STANDARD_LIBRARIES = YES;
				CODE_SIGN_STYLE = Automatic;
				INFOPLIST_FILE = InputIntPrintTotalUITests/Info.plist;
				LD_RUNPATH_SEARCH_PATHS = (
					"$(inherited)",
					"@executable_path/Frameworks",
					"@loader_path/Frameworks",
				);
				PRODUCT_BUNDLE_IDENTIFIER = abc.xyz.InputIntPrintTotalUITests;
				PRODUCT_NAME = "$(TARGET_NAME)";
				SWIFT_VERSION = 5.0;
				TARGETED_DEVICE_FAMILY = "1,2";
				TEST_TARGET_NAME = InputIntPrintTotal;
			};
			name = Debug;
		};
		18AC2B2C22A8F922001777D0 /* Release */ = {
			isa = XCBuildConfiguration;
			buildSettings = {
				ALWAYS_EMBED_SWIFT_STANDARD_LIBRARIES = YES;
				CODE_SIGN_STYLE = Automatic;
				INFOPLIST_FILE = InputIntPrintTotalUITests/Info.plist;
				LD_RUNPATH_SEARCH_PATHS = (
					"$(inherited)",
					"@executable_path/Frameworks",
					"@loader_path/Frameworks",
				);
				PRODUCT_BUNDLE_IDENTIFIER = abc.xyz.InputIntPrintTotalUITests;
				PRODUCT_NAME = "$(TARGET_NAME)";
				SWIFT_VERSION = 5.0;
				TARGETED_DEVICE_FAMILY = "1,2";
				TEST_TARGET_NAME = InputIntPrintTotal;
			};
			name = Release;
		};
/* End XCBuildConfiguration section */

/* Begin XCConfigurationList section */
		18AC2AF722A8F91F001777D0 /* Build configuration list for PBXProject "InputIntPrintTotal" */ = {
			isa = XCConfigurationList;
			buildConfigurations = (
				18AC2B2222A8F922001777D0 /* Debug */,
				18AC2B2322A8F922001777D0 /* Release */,
			);
			defaultConfigurationIsVisible = 0;
			defaultConfigurationName = Release;
		};
		18AC2B2422A8F922001777D0 /* Build configuration list for PBXNativeTarget "InputIntPrintTotal" */ = {
			isa = XCConfigurationList;
			buildConfigurations = (
				18AC2B2522A8F922001777D0 /* Debug */,
				18AC2B2622A8F922001777D0 /* Release */,
			);
			defaultConfigurationIsVisible = 0;
			defaultConfigurationName = Release;
		};
		18AC2B2722A8F922001777D0 /* Build configuration list for PBXNativeTarget "InputIntPrintTotalTests" */ = {
			isa = XCConfigurationList;
			buildConfigurations = (
				18AC2B2822A8F922001777D0 /* Debug */,
				18AC2B2922A8F922001777D0 /* Release */,
			);
			defaultConfigurationIsVisible = 0;
			defaultConfigurationName = Release;
		};
		18AC2B2A22A8F922001777D0 /* Build configuration list for PBXNativeTarget "InputIntPrintTotalUITests" */ = {
			isa = XCConfigurationList;
			buildConfigurations = (
				18AC2B2B22A8F922001777D0 /* Debug */,
				18AC2B2C22A8F922001777D0 /* Release */,
			);
			defaultConfigurationIsVisible = 0;
			defaultConfigurationName = Release;
		};
/* End XCConfigurationList section */
	};
	rootObject = 18AC2AF422A8F91F001777D0 /* Project object */;
}
